{
	"contractVersion": "1.0.0",
	"rootPackage": "example/config",
	"fingerprint": "sha256:15cfc24354a3b0009e021cf83905a603689032250c016cc8e469c3f927a233aa",
	"canonicalization": {
		"algorithm": "RFC8785-JCS-with-identity-sorted-sets-v1",
		"digest": "sha256",
		"included": [
			"schema-bytes",
			"manifest",
			"mappings",
			"profiles",
			"resolved-packages",
			"compiler-contract-version"
		],
		"excluded": [
			"object-order",
			"set-order",
			"source-path",
			"working-directory",
			"timestamp",
			"hostname",
			"locale"
		]
	},
	"packages": [
		{
			"identity": "example/config",
			"version": "1.0.0",
			"contentDigest": "sha256:53b3b5fcb4734527996431df883653be2d4b2318827fe2d119856e1f81729312",
			"sourceIdentity": "ix://example/config/source/typespec",
			"dependencies": []
		}
	]
}
